
Microsoft Visual Studio Solution File, Format Version 12.00
# Visual Studio Version 17
VisualStudioVersion = 17.0.31912.275
MinimumVisualStudioVersion = 10.0.40219.1
Project("{FAE04EC0-301F-11D3-BF4B-00C04F79EFBC}") = "MobileBill", "MobileBill.csproj", "{0AACBB3A-9C20-4483-B860-0D3D30D77146}"
EndProject
Global
	GlobalSection(SolutionConfigurationPlatforms) = preSolution
		Debug|Any CPU = Debug|Any CPU
		Release|Any CPU = Release|Any CPU
	EndGlobalSection
	GlobalSection(ProjectConfigurationPlatforms) = postSolution
		{0AACBB3A-9C20-4483-B860-0D3D30D77146}.Debug|Any CPU.ActiveCfg = Debug|Any CPU
		{0AACBB3A-9C20-4483-B860-0D3D30D77146}.Debug|Any CPU.Build.0 = Debug|Any CPU
		{0AACBB3A-9C20-4483-B860-0D3D30D77146}.Release|Any CPU.ActiveCfg = Release|Any CPU
		{0AACBB3A-9C20-4483-B860-0D3D30D77146}.Release|Any CPU.Build.0 = Release|Any CPU
	EndGlobalSection
	GlobalSection(SolutionProperties) = preSolution
		HideSolutionNode = FALSE
	EndGlobalSection
	GlobalSection(ExtensibilityGlobals) = postSolution
		SolutionGuid = {B3FC8357-49A6-4236-BBAC-2BE337257EE7}
	EndGlobalSection
EndGlobal
